
Microsoft Visual Studio Solution File, Format Version 12.00
# Visual Studio Version 17
VisualStudioVersion = 17.9.34701.34
MinimumVisualStudioVersion = 10.0.40219.1
Project("{FAE04EC0-301F-11D3-BF4B-00C04F79EFBC}") = "PlayerLib", "PlayerLib\PlayerLib.csproj", "{1B7EFD00-BA6A-4CCA-834D-493ACC8E6BF7}"
EndProject
Project("{FAE04EC0-301F-11D3-BF4B-00C04F79EFBC}") = "PlayerLibTests", "PlayerLibTests\PlayerLibTests.csproj", "{D83148E3-AA88-4DB1-8FD0-82C6FF130D06}"
EndProject
Global
	GlobalSection(SolutionConfigurationPlatforms) = preSolution
		Debug|Any CPU = Debug|Any CPU
		Release|Any CPU = Release|Any CPU
	EndGlobalSection
	GlobalSection(ProjectConfigurationPlatforms) = postSolution
		{1B7EFD00-BA6A-4CCA-834D-493ACC8E6BF7}.Debug|Any CPU.ActiveCfg = Debug|Any CPU
		{1B7EFD00-BA6A-4CCA-834D-493ACC8E6BF7}.Debug|Any CPU.Build.0 = Debug|Any CPU
		{1B7EFD00-BA6A-4CCA-834D-493ACC8E6BF7}.Release|Any CPU.ActiveCfg = Release|Any CPU
		{1B7EFD00-BA6A-4CCA-834D-493ACC8E6BF7}.Release|Any CPU.Build.0 = Release|Any CPU
		{D83148E3-AA88-4DB1-8FD0-82C6FF130D06}.Debug|Any CPU.ActiveCfg = Debug|Any CPU
		{D83148E3-AA88-4DB1-8FD0-82C6FF130D06}.Debug|Any CPU.Build.0 = Debug|Any CPU
		{D83148E3-AA88-4DB1-8FD0-82C6FF130D06}.Release|Any CPU.ActiveCfg = Release|Any CPU
		{D83148E3-AA88-4DB1-8FD0-82C6FF130D06}.Release|Any CPU.Build.0 = Release|Any CPU
	EndGlobalSection
	GlobalSection(SolutionProperties) = preSolution
		HideSolutionNode = FALSE
	EndGlobalSection
	GlobalSection(ExtensibilityGlobals) = postSolution
		SolutionGuid = {5FE9C18F-E2DB-41CC-8D82-DFA33EB23F1A}
	EndGlobalSection
EndGlobal
